PODS:
  - KeychainAccess (3.1.0)
  - Kinvey (3.11.0):
    - KeychainAccess (~> 3.0)
    - ObjectMapper (~> 3.0)
    - PromiseKit (~> 4.0)
    - PubNub (~> 4.0)
    - Realm (~> 3.0)
    - RealmSwift (~> 3.0)
    - XCGLogger (~> 6.0)
  - ObjcExceptionBridging (1.0.1):
    - ObjcExceptionBridging/ObjcExceptionBridging (= 1.0.1)
  - ObjcExceptionBridging/ObjcExceptionBridging (1.0.1)
  - ObjectMapper (3.1.0)
  - PromiseKit (4.5.1):
    - PromiseKit/Foundation (= 4.5.1)
    - PromiseKit/QuartzCore (= 4.5.1)
    - PromiseKit/UIKit (= 4.5.1)
  - PromiseKit/CorePromise (4.5.1)
  - PromiseKit/Foundation (4.5.1):
    - PromiseKit/CorePromise
  - PromiseKit/QuartzCore (4.5.1):
    - PromiseKit/CorePromise
  - PromiseKit/UIKit (4.5.1):
    - PromiseKit/CorePromise
  - PubNub (4.7.5):
    - PubNub/Core (= 4.7.5)
  - PubNub/Core (4.7.5)
  - Realm (3.0.2):
    - Realm/Headers (= 3.0.2)
  - Realm/Headers (3.0.2)
  - RealmSwift (3.0.2):
    - Realm (= 3.0.2)
  - SVProgressHUD (2.2.2)
  - XCGLogger (6.0.2):
    - XCGLogger/Core (= 6.0.2)
  - XCGLogger/Core (6.0.2):
    - ObjcExceptionBridging

DEPENDENCIES:
  - Kinvey
  - SVProgressHUD

SPEC CHECKSUMS:
  KeychainAccess: 94c5540b32eabf7bc32bfb976a268e8ea05fd6da
  Kinvey: c0fe2cd105625c349aec1fe1bab67ceb10a0c1b0
  ObjcExceptionBridging: c30e00eb3700467e695faeea30e26e18bd445001
  ObjectMapper: 20505058f54e5c3ca69e1d6de9897d152a5369a6
  PromiseKit: 445dac9b2c3c3b4b31b5f842bc325700b848a8bd
  PubNub: b4a22853f971e630a4ef828d8d2c5af63f208f6b
  Realm: 6f23fd1f178a09342eac21bfa7c2bf4312a7a180
  RealmSwift: 695393add1b8f9d5fa75dd16e6355cf3935f71e2
  SVProgressHUD: 59b2d3dabacbd051576d21d32293ca7228dc18b0
  XCGLogger: c9601cae9a8912de34a58666ba931ed3d624dd31

PODFILE CHECKSUM: af275924ac16f92352d3be9cc6717adda3e3000e

COCOAPODS: 1.4.0.beta.2
