// !$*UTF8*$!
{
	archiveVersion = 1;
	classes = {
	};
	objectVersion = 46;
	objects = {

/* Begin PBXBuildFile section */
		570960601C1B962400D4AFA5 /* AppDelegate.swift in Sources */ = {isa = PBXBuildFile; fileRef = 5709605F1C1B962400D4AFA5 /* AppDelegate.swift */; };
		570960621C1B962400D4AFA5 /* ViewController.swift in Sources */ = {isa = PBXBuildFile; fileRef = 570960611C1B962400D4AFA5 /* ViewController.swift */; };
		570960651C1B962400D4AFA5 /* Main.storyboard in Resources */ = {isa = PBXBuildFile; fileRef = 570960631C1B962400D4AFA5 /* Main.storyboard */; };
		570960671C1B962400D4AFA5 /* Assets.xcassets in Resources */ = {isa = PBXBuildFile; fileRef = 570960661C1B962400D4AFA5 /* Assets.xcassets */; };
		5709606A1C1B962400D4AFA5 /* LaunchScreen.storyboard in Resources */ = {isa = PBXBuildFile; fileRef = 570960681C1B962400D4AFA5 /* LaunchScreen.storyboard */; };
		570960751C1B962500D4AFA5 /* MICSampleAppTests.swift in Sources */ = {isa = PBXBuildFile; fileRef = 570960741C1B962500D4AFA5 /* MICSampleAppTests.swift */; };
		570960801C1B962500D4AFA5 /* MICSampleAppUITests.swift in Sources */ = {isa = PBXBuildFile; fileRef = 5709607F1C1B962500D4AFA5 /* MICSampleAppUITests.swift */; };
		577C9E691C1E046800BF49EE /* XCUIElement.swift in Sources */ = {isa = PBXBuildFile; fileRef = 577C9E681C1E046800BF49EE /* XCUIElement.swift */; };
		579483021CEE34FE00B0ECF0 /* Realm.framework in Frameworks */ = {isa = PBXBuildFile; fileRef = 579482FE1CEE348A00B0ECF0 /* Realm.framework */; };
		579483041CEE354900B0ECF0 /* Kinvey.framework in Frameworks */ = {isa = PBXBuildFile; fileRef = 579483031CEE354900B0ECF0 /* Kinvey.framework */; };
/* End PBXBuildFile section */

/* Begin PBXContainerItemProxy section */
		570960711C1B962500D4AFA5 /* PBXContainerItemProxy */ = {
			isa = PBXContainerItemProxy;
			containerPortal = 570960541C1B962400D4AFA5 /* Project object */;
			proxyType = 1;
			remoteGlobalIDString = 5709605B1C1B962400D4AFA5;
			remoteInfo = MICSampleApp;
		};
		5709607C1C1B962500D4AFA5 /* PBXContainerItemProxy */ = {
			isa = PBXContainerItemProxy;
			containerPortal = 570960541C1B962400D4AFA5 /* Project object */;
			proxyType = 1;
			remoteGlobalIDString = 5709605B1C1B962400D4AFA5;
			remoteInfo = MICSampleApp;
		};
/* End PBXContainerItemProxy section */

/* Begin PBXCopyFilesBuildPhase section */
		577C9E561C1CDFF100BF49EE /* CopyFiles */ = {
			isa = PBXCopyFilesBuildPhase;
			buildActionMask = 2147483647;
			dstPath = "";
			dstSubfolderSpec = 10;
			files = (
			);
			runOnlyForDeploymentPostprocessing = 0;
		};
/* End PBXCopyFilesBuildPhase section */

/* Begin PBXFileReference section */
		5709605C1C1B962400D4AFA5 /* MICSampleApp.app */ = {isa = PBXFileReference; explicitFileType = wrapper.application; includeInIndex = 0; path = MICSampleApp.app; sourceTree = BUILT_PRODUCTS_DIR; };
		5709605F1C1B962400D4AFA5 /* AppDelegate.swift */ = {isa = PBXFileReference; lastKnownFileType = sourcecode.swift; path = AppDelegate.swift; sourceTree = "<group>"; };
		570960611C1B962400D4AFA5 /* ViewController.swift */ = {isa = PBXFileReference; lastKnownFileType = sourcecode.swift; path = ViewController.swift; sourceTree = "<group>"; };
		570960641C1B962400D4AFA5 /* Base */ = {isa = PBXFileReference; lastKnownFileType = file.storyboard; name = Base; path = Base.lproj/Main.storyboard; sourceTree = "<group>"; };
		570960661C1B962400D4AFA5 /* Assets.xcassets */ = {isa = PBXFileReference; lastKnownFileType = folder.assetcatalog; path = Assets.xcassets; sourceTree = "<group>"; };
		570960691C1B962400D4AFA5 /* Base */ = {isa = PBXFileReference; lastKnownFileType = file.storyboard; name = Base; path = Base.lproj/LaunchScreen.storyboard; sourceTree = "<group>"; };
		5709606B1C1B962400D4AFA5 /* Info.plist */ = {isa = PBXFileReference; lastKnownFileType = text.plist.xml; path = Info.plist; sourceTree = "<group>"; };
		570960701C1B962500D4AFA5 /* MICSampleAppTests.xctest */ = {isa = PBXFileReference; explicitFileType = wrapper.cfbundle; includeInIndex = 0; path = MICSampleAppTests.xctest; sourceTree = BUILT_PRODUCTS_DIR; };
		570960741C1B962500D4AFA5 /* MICSampleAppTests.swift */ = {isa = PBXFileReference; lastKnownFileType = sourcecode.swift; path = MICSampleAppTests.swift; sourceTree = "<group>"; };
		570960761C1B962500D4AFA5 /* Info.plist */ = {isa = PBXFileReference; lastKnownFileType = text.plist.xml; path = Info.plist; sourceTree = "<group>"; };
		5709607B1C1B962500D4AFA5 /* MICSampleAppUITests.xctest */ = {isa = PBXFileReference; explicitFileType = wrapper.cfbundle; includeInIndex = 0; path = MICSampleAppUITests.xctest; sourceTree = BUILT_PRODUCTS_DIR; };
		5709607F1C1B962500D4AFA5 /* MICSampleAppUITests.swift */ = {isa = PBXFileReference; lastKnownFileType = sourcecode.swift; path = MICSampleAppUITests.swift; sourceTree = "<group>"; };
		570960811C1B962500D4AFA5 /* Info.plist */ = {isa = PBXFileReference; lastKnownFileType = text.plist.xml; path = Info.plist; sourceTree = "<group>"; };
		577C9E681C1E046800BF49EE /* XCUIElement.swift */ = {isa = PBXFileReference; fileEncoding = 4; lastKnownFileType = sourcecode.swift; path = XCUIElement.swift; sourceTree = "<group>"; };
		579482FE1CEE348A00B0ECF0 /* Realm.framework */ = {isa = PBXFileReference; lastKnownFileType = wrapper.framework; name = Realm.framework; path = ../../Kinvey/Carthage/Build/iOS/Realm.framework; sourceTree = "<group>"; };
		579483031CEE354900B0ECF0 /* Kinvey.framework */ = {isa = PBXFileReference; lastKnownFileType = wrapper.framework; name = Kinvey.framework; path = "../../../../Library/Developer/Xcode/DerivedData/Kinvey-exffrtwipaykqoebrnepayenmrat/Build/Products/Debug-iphonesimulator/Kinvey.framework"; sourceTree = "<group>"; };
/* End PBXFileReference section */

/* Begin PBXFrameworksBuildPhase section */
		570960591C1B962400D4AFA5 /* Frameworks */ = {
			isa = PBXFrameworksBuildPhase;
			buildActionMask = 2147483647;
			files = (
				579483041CEE354900B0ECF0 /* Kinvey.framework in Frameworks */,
				579483021CEE34FE00B0ECF0 /* Realm.framework in Frameworks */,
			);
			runOnlyForDeploymentPostprocessing = 0;
		};
		5709606D1C1B962500D4AFA5 /* Frameworks */ = {
			isa = PBXFrameworksBuildPhase;
			buildActionMask = 2147483647;
			files = (
			);
			runOnlyForDeploymentPostprocessing = 0;
		};
		570960781C1B962500D4AFA5 /* Frameworks */ = {
			isa = PBXFrameworksBuildPhase;
			buildActionMask = 2147483647;
			files = (
			);
			runOnlyForDeploymentPostprocessing = 0;
		};
/* End PBXFrameworksBuildPhase section */

/* Begin PBXGroup section */
		570960531C1B962400D4AFA5 = {
			isa = PBXGroup;
			children = (
				5709605E1C1B962400D4AFA5 /* MICSampleApp */,
				570960731C1B962500D4AFA5 /* MICSampleAppTests */,
				5709607E1C1B962500D4AFA5 /* MICSampleAppUITests */,
				5709605D1C1B962400D4AFA5 /* Products */,
				579483001CEE349200B0ECF0 /* Frameworks */,
			);
			sourceTree = "<group>";
		};
		5709605D1C1B962400D4AFA5 /* Products */ = {
			isa = PBXGroup;
			children = (
				5709605C1C1B962400D4AFA5 /* MICSampleApp.app */,
				570960701C1B962500D4AFA5 /* MICSampleAppTests.xctest */,
				5709607B1C1B962500D4AFA5 /* MICSampleAppUITests.xctest */,
			);
			name = Products;
			sourceTree = "<group>";
		};
		5709605E1C1B962400D4AFA5 /* MICSampleApp */ = {
			isa = PBXGroup;
			children = (
				5709605F1C1B962400D4AFA5 /* AppDelegate.swift */,
				570960611C1B962400D4AFA5 /* ViewController.swift */,
				570960631C1B962400D4AFA5 /* Main.storyboard */,
				570960661C1B962400D4AFA5 /* Assets.xcassets */,
				570960681C1B962400D4AFA5 /* LaunchScreen.storyboard */,
				5709606B1C1B962400D4AFA5 /* Info.plist */,
			);
			path = MICSampleApp;
			sourceTree = "<group>";
		};
		570960731C1B962500D4AFA5 /* MICSampleAppTests */ = {
			isa = PBXGroup;
			children = (
				570960741C1B962500D4AFA5 /* MICSampleAppTests.swift */,
				570960761C1B962500D4AFA5 /* Info.plist */,
			);
			path = MICSampleAppTests;
			sourceTree = "<group>";
		};
		5709607E1C1B962500D4AFA5 /* MICSampleAppUITests */ = {
			isa = PBXGroup;
			children = (
				5709607F1C1B962500D4AFA5 /* MICSampleAppUITests.swift */,
				577C9E681C1E046800BF49EE /* XCUIElement.swift */,
				570960811C1B962500D4AFA5 /* Info.plist */,
			);
			path = MICSampleAppUITests;
			sourceTree = "<group>";
		};
		579483001CEE349200B0ECF0 /* Frameworks */ = {
			isa = PBXGroup;
			children = (
				579483031CEE354900B0ECF0 /* Kinvey.framework */,
				579482FE1CEE348A00B0ECF0 /* Realm.framework */,
			);
			name = Frameworks;
			sourceTree = "<group>";
		};
/* End PBXGroup section */

/* Begin PBXNativeTarget section */
		5709605B1C1B962400D4AFA5 /* MICSampleApp */ = {
			isa = PBXNativeTarget;
			buildConfigurationList = 570960841C1B962500D4AFA5 /* Build configuration list for PBXNativeTarget "MICSampleApp" */;
			buildPhases = (
				570960581C1B962400D4AFA5 /* Sources */,
				570960591C1B962400D4AFA5 /* Frameworks */,
				5709605A1C1B962400D4AFA5 /* Resources */,
				577C9E561C1CDFF100BF49EE /* CopyFiles */,
			);
			buildRules = (
			);
			dependencies = (
			);
			name = MICSampleApp;
			productName = MICSampleApp;
			productReference = 5709605C1C1B962400D4AFA5 /* MICSampleApp.app */;
			productType = "com.apple.product-type.application";
		};
		5709606F1C1B962500D4AFA5 /* MICSampleAppTests */ = {
			isa = PBXNativeTarget;
			buildConfigurationList = 570960871C1B962500D4AFA5 /* Build configuration list for PBXNativeTarget "MICSampleAppTests" */;
			buildPhases = (
				5709606C1C1B962500D4AFA5 /* Sources */,
				5709606D1C1B962500D4AFA5 /* Frameworks */,
				5709606E1C1B962500D4AFA5 /* Resources */,
			);
			buildRules = (
			);
			dependencies = (
				570960721C1B962500D4AFA5 /* PBXTargetDependency */,
			);
			name = MICSampleAppTests;
			productName = MICSampleAppTests;
			productReference = 570960701C1B962500D4AFA5 /* MICSampleAppTests.xctest */;
			productType = "com.apple.product-type.bundle.unit-test";
		};
		5709607A1C1B962500D4AFA5 /* MICSampleAppUITests */ = {
			isa = PBXNativeTarget;
			buildConfigurationList = 5709608A1C1B962500D4AFA5 /* Build configuration list for PBXNativeTarget "MICSampleAppUITests" */;
			buildPhases = (
				570960771C1B962500D4AFA5 /* Sources */,
				570960781C1B962500D4AFA5 /* Frameworks */,
				570960791C1B962500D4AFA5 /* Resources */,
			);
			buildRules = (
			);
			dependencies = (
				5709607D1C1B962500D4AFA5 /* PBXTargetDependency */,
			);
			name = MICSampleAppUITests;
			productName = MICSampleAppUITests;
			productReference = 5709607B1C1B962500D4AFA5 /* MICSampleAppUITests.xctest */;
			productType = "com.apple.product-type.bundle.ui-testing";
		};
/* End PBXNativeTarget section */

/* Begin PBXProject section */
		570960541C1B962400D4AFA5 /* Project object */ = {
			isa = PBXProject;
			attributes = {
				LastSwiftUpdateCheck = 0720;
				LastUpgradeCheck = 0720;
				ORGANIZATIONNAME = Kinvey;
				TargetAttributes = {
					5709605B1C1B962400D4AFA5 = {
						CreatedOnToolsVersion = 7.2;
					};
					5709606F1C1B962500D4AFA5 = {
						CreatedOnToolsVersion = 7.2;
						TestTargetID = 5709605B1C1B962400D4AFA5;
					};
					5709607A1C1B962500D4AFA5 = {
						CreatedOnToolsVersion = 7.2;
						TestTargetID = 5709605B1C1B962400D4AFA5;
					};
				};
			};
			buildConfigurationList = 570960571C1B962400D4AFA5 /* Build configuration list for PBXProject "MICSampleApp" */;
			compatibilityVersion = "Xcode 3.2";
			developmentRegion = English;
			hasScannedForEncodings = 0;
			knownRegions = (
				en,
				Base,
			);
			mainGroup = 570960531C1B962400D4AFA5;
			productRefGroup = 5709605D1C1B962400D4AFA5 /* Products */;
			projectDirPath = "";
			projectRoot = "";
			targets = (
				5709605B1C1B962400D4AFA5 /* MICSampleApp */,
				5709606F1C1B962500D4AFA5 /* MICSampleAppTests */,
				5709607A1C1B962500D4AFA5 /* MICSampleAppUITests */,
			);
		};
/* End PBXProject section */

/* Begin PBXResourcesBuildPhase section */
		5709605A1C1B962400D4AFA5 /* Resources */ = {
			isa = PBXResourcesBuildPhase;
			buildActionMask = 2147483647;
			files = (
				5709606A1C1B962400D4AFA5 /* LaunchScreen.storyboard in Resources */,
				570960671C1B962400D4AFA5 /* Assets.xcassets in Resources */,
				570960651C1B962400D4AFA5 /* Main.storyboard in Resources */,
			);
			runOnlyForDeploymentPostprocessing = 0;
		};
		5709606E1C1B962500D4AFA5 /* Resources */ = {
			isa = PBXResourcesBuildPhase;
			buildActionMask = 2147483647;
			files = (
			);
			runOnlyForDeploymentPostprocessing = 0;
		};
		570960791C1B962500D4AFA5 /* Resources */ = {
			isa = PBXResourcesBuildPhase;
			buildActionMask = 2147483647;
			files = (
			);
			runOnlyForDeploymentPostprocessing = 0;
		};
/* End PBXResourcesBuildPhase section */

/* Begin PBXSourcesBuildPhase section */
		570960581C1B962400D4AFA5 /* Sources */ = {
			isa = PBXSourcesBuildPhase;
			buildActionMask = 2147483647;
			files = (
				570960621C1B962400D4AFA5 /* ViewController.swift in Sources */,
				570960601C1B962400D4AFA5 /* AppDelegate.swift in Sources */,
			);
			runOnlyForDeploymentPostprocessing = 0;
		};
		5709606C1C1B962500D4AFA5 /* Sources */ = {
			isa = PBXSourcesBuildPhase;
			buildActionMask = 2147483647;
			files = (
				570960751C1B962500D4AFA5 /* MICSampleAppTests.swift in Sources */,
			);
			runOnlyForDeploymentPostprocessing = 0;
		};
		570960771C1B962500D4AFA5 /* Sources */ = {
			isa = PBXSourcesBuildPhase;
			buildActionMask = 2147483647;
			files = (
				570960801C1B962500D4AFA5 /* MICSampleAppUITests.swift in Sources */,
				577C9E691C1E046800BF49EE /* XCUIElement.swift in Sources */,
			);
			runOnlyForDeploymentPostprocessing = 0;
		};
/* End PBXSourcesBuildPhase section */

/* Begin PBXTargetDependency section */
		570960721C1B962500D4AFA5 /* PBXTargetDependency */ = {
			isa = PBXTargetDependency;
			target = 5709605B1C1B962400D4AFA5 /* MICSampleApp */;
			targetProxy = 570960711C1B962500D4AFA5 /* PBXContainerItemProxy */;
		};
		5709607D1C1B962500D4AFA5 /* PBXTargetDependency */ = {
			isa = PBXTargetDependency;
			target = 5709605B1C1B962400D4AFA5 /* MICSampleApp */;
			targetProxy = 5709607C1C1B962500D4AFA5 /* PBXContainerItemProxy */;
		};
/* End PBXTargetDependency section */

/* Begin PBXVariantGroup section */
		570960631C1B962400D4AFA5 /* Main.storyboard */ = {
			isa = PBXVariantGroup;
			children = (
				570960641C1B962400D4AFA5 /* Base */,
			);
			name = Main.storyboard;
			sourceTree = "<group>";
		};
		570960681C1B962400D4AFA5 /* LaunchScreen.storyboard */ = {
			isa = PBXVariantGroup;
			children = (
				570960691C1B962400D4AFA5 /* Base */,
			);
			name = LaunchScreen.storyboard;
			sourceTree = "<group>";
		};
/* End PBXVariantGroup section */

/* Begin XCBuildConfiguration section */
		570960821C1B962500D4AFA5 /* Debug */ = {
			isa = XCBuildConfiguration;
			buildSettings = {
				ALWAYS_SEARCH_USER_PATHS = NO;
				CLANG_CXX_LANGUAGE_STANDARD = "gnu++0x";
				CLANG_CXX_LIBRARY = "libc++";
				CLANG_ENABLE_MODULES = YES;
				CLANG_ENABLE_OBJC_ARC = YES;
				CLANG_WARN_BOOL_CONVERSION = YES;
				CLANG_WARN_CONSTANT_CONVERSION = YES;
				CLANG_WARN_DIRECT_OBJC_ISA_USAGE = YES_ERROR;
				CLANG_WARN_EMPTY_BODY = YES;
				CLANG_WARN_ENUM_CONVERSION = YES;
				CLANG_WARN_INT_CONVERSION = YES;
				CLANG_WARN_OBJC_ROOT_CLASS = YES_ERROR;
				CLANG_WARN_UNREACHABLE_CODE = YES;
				CLANG_WARN__DUPLICATE_METHOD_MATCH = YES;
				"CODE_SIGN_IDENTITY[sdk=iphoneos*]" = "iPhone Developer";
				COPY_PHASE_STRIP = NO;
				DEBUG_INFORMATION_FORMAT = dwarf;
				ENABLE_STRICT_OBJC_MSGSEND = YES;
				ENABLE_TESTABILITY = YES;
				GCC_C_LANGUAGE_STANDARD = gnu99;
				GCC_DYNAMIC_NO_PIC = NO;
				GCC_NO_COMMON_BLOCKS = YES;
				GCC_OPTIMIZATION_LEVEL = 0;
				GCC_PREPROCESSOR_DEFINITIONS = (
					"DEBUG=1",
					"$(inherited)",
				);
				GCC_WARN_64_TO_32_BIT_CONVERSION = YES;
				GCC_WARN_ABOUT_RETURN_TYPE = YES_ERROR;
				GCC_WARN_UNDECLARED_SELECTOR = YES;
				GCC_WARN_UNINITIALIZED_AUTOS = YES_AGGRESSIVE;
				GCC_WARN_UNUSED_FUNCTION = YES;
				GCC_WARN_UNUSED_VARIABLE = YES;
				IPHONEOS_DEPLOYMENT_TARGET = 9.2;
				MTL_ENABLE_DEBUG_INFO = YES;
				ONLY_ACTIVE_ARCH = YES;
				SDKROOT = iphoneos;
				SWIFT_OPTIMIZATION_LEVEL = "-Onone";
				TARGETED_DEVICE_FAMILY = "1,2";
			};
			name = Debug;
		};
		570960831C1B962500D4AFA5 /* Release */ = {
			isa = XCBuildConfiguration;
			buildSettings = {
				ALWAYS_SEARCH_USER_PATHS = NO;
				CLANG_CXX_LANGUAGE_STANDARD = "gnu++0x";
				CLANG_CXX_LIBRARY = "libc++";
				CLANG_ENABLE_MODULES = YES;
				CLANG_ENABLE_OBJC_ARC = YES;
				CLANG_WARN_BOOL_CONVERSION = YES;
				CLANG_WARN_CONSTANT_CONVERSION = YES;
				CLANG_WARN_DIRECT_OBJC_ISA_USAGE = YES_ERROR;
				CLANG_WARN_EMPTY_BODY = YES;
				CLANG_WARN_ENUM_CONVERSION = YES;
				CLANG_WARN_INT_CONVERSION = YES;
				CLANG_WARN_OBJC_ROOT_CLASS = YES_ERROR;
				CLANG_WARN_UNREACHABLE_CODE = YES;
				CLANG_WARN__DUPLICATE_METHOD_MATCH = YES;
				"CODE_SIGN_IDENTITY[sdk=iphoneos*]" = "iPhone Developer";
				COPY_PHASE_STRIP = NO;
				DEBUG_INFORMATION_FORMAT = "dwarf-with-dsym";
				ENABLE_NS_ASSERTIONS = NO;
				ENABLE_STRICT_OBJC_MSGSEND = YES;
				GCC_C_LANGUAGE_STANDARD = gnu99;
				GCC_NO_COMMON_BLOCKS = YES;
				GCC_WARN_64_TO_32_BIT_CONVERSION = YES;
				GCC_WARN_ABOUT_RETURN_TYPE = YES_ERROR;
				GCC_WARN_UNDECLARED_SELECTOR = YES;
				GCC_WARN_UNINITIALIZED_AUTOS = YES_AGGRESSIVE;
				GCC_WARN_UNUSED_FUNCTION = YES;
				GCC_WARN_UNUSED_VARIABLE = YES;
				IPHONEOS_DEPLOYMENT_TARGET = 9.2;
				MTL_ENABLE_DEBUG_INFO = NO;
				SDKROOT = iphoneos;
				TARGETED_DEVICE_FAMILY = "1,2";
				VALIDATE_PRODUCT = YES;
			};
			name = Release;
		};
		570960851C1B962500D4AFA5 /* Debug */ = {
			isa = XCBuildConfiguration;
			buildSettings = {
				ASSETCATALOG_COMPILER_APPICON_NAME = AppIcon;
				FRAMEWORK_SEARCH_PATHS = ../../Kinvey/Carthage/Build/iOS;
				INFOPLIST_FILE = MICSampleApp/Info.plist;
				LD_RUNPATH_SEARCH_PATHS = "$(inherited) @executable_path/Frameworks";
				PRODUCT_BUNDLE_IDENTIFIER = com.kinvey.MICSampleApp;
				PRODUCT_NAME = "$(TARGET_NAME)";
			};
			name = Debug;
		};
		570960861C1B962500D4AFA5 /* Release */ = {
			isa = XCBuildConfiguration;
			buildSettings = {
				ASSETCATALOG_COMPILER_APPICON_NAME = AppIcon;
				FRAMEWORK_SEARCH_PATHS = ../../Kinvey/Carthage/Build/iOS;
				INFOPLIST_FILE = MICSampleApp/Info.plist;
				LD_RUNPATH_SEARCH_PATHS = "$(inherited) @executable_path/Frameworks";
				PRODUCT_BUNDLE_IDENTIFIER = com.kinvey.MICSampleApp;
				PRODUCT_NAME = "$(TARGET_NAME)";
			};
			name = Release;
		};
		570960881C1B962500D4AFA5 /* Debug */ = {
			isa = XCBuildConfiguration;
			buildSettings = {
				BUNDLE_LOADER = "$(TEST_HOST)";
				INFOPLIST_FILE = MICSampleAppTests/Info.plist;
				LD_RUNPATH_SEARCH_PATHS = "$(inherited) @executable_path/Frameworks @loader_path/Frameworks";
				PRODUCT_BUNDLE_IDENTIFIER = com.kinvey.MICSampleAppTests;
				PRODUCT_NAME = "$(TARGET_NAME)";
				TEST_HOST = "$(BUILT_PRODUCTS_DIR)/MICSampleApp.app/MICSampleApp";
			};
			name = Debug;
		};
		570960891C1B962500D4AFA5 /* Release */ = {
			isa = XCBuildConfiguration;
			buildSettings = {
				BUNDLE_LOADER = "$(TEST_HOST)";
				INFOPLIST_FILE = MICSampleAppTests/Info.plist;
				LD_RUNPATH_SEARCH_PATHS = "$(inherited) @executable_path/Frameworks @loader_path/Frameworks";
				PRODUCT_BUNDLE_IDENTIFIER = com.kinvey.MICSampleAppTests;
				PRODUCT_NAME = "$(TARGET_NAME)";
				TEST_HOST = "$(BUILT_PRODUCTS_DIR)/MICSampleApp.app/MICSampleApp";
			};
			name = Release;
		};
		5709608B1C1B962500D4AFA5 /* Debug */ = {
			isa = XCBuildConfiguration;
			buildSettings = {
				INFOPLIST_FILE = MICSampleAppUITests/Info.plist;
				LD_RUNPATH_SEARCH_PATHS = "$(inherited) @executable_path/Frameworks @loader_path/Frameworks";
				PRODUCT_BUNDLE_IDENTIFIER = com.kinvey.MICSampleAppUITests;
				PRODUCT_NAME = "$(TARGET_NAME)";
				TEST_TARGET_NAME = MICSampleApp;
				USES_XCTRUNNER = YES;
			};
			name = Debug;
		};
		5709608C1C1B962500D4AFA5 /* Release */ = {
			isa = XCBuildConfiguration;
			buildSettings = {
				INFOPLIST_FILE = MICSampleAppUITests/Info.plist;
				LD_RUNPATH_SEARCH_PATHS = "$(inherited) @executable_path/Frameworks @loader_path/Frameworks";
				PRODUCT_BUNDLE_IDENTIFIER = com.kinvey.MICSampleAppUITests;
				PRODUCT_NAME = "$(TARGET_NAME)";
				TEST_TARGET_NAME = MICSampleApp;
				USES_XCTRUNNER = YES;
			};
			name = Release;
		};
/* End XCBuildConfiguration section */

/* Begin XCConfigurationList section */
		570960571C1B962400D4AFA5 /* Build configuration list for PBXProject "MICSampleApp" */ = {
			isa = XCConfigurationList;
			buildConfigurations = (
				570960821C1B962500D4AFA5 /* Debug */,
				570960831C1B962500D4AFA5 /* Release */,
			);
			defaultConfigurationIsVisible = 0;
			defaultConfigurationName = Release;
		};
		570960841C1B962500D4AFA5 /* Build configuration list for PBXNativeTarget "MICSampleApp" */ = {
			isa = XCConfigurationList;
			buildConfigurations = (
				570960851C1B962500D4AFA5 /* Debug */,
				570960861C1B962500D4AFA5 /* Release */,
			);
			defaultConfigurationIsVisible = 0;
			defaultConfigurationName = Release;
		};
		570960871C1B962500D4AFA5 /* Build configuration list for PBXNativeTarget "MICSampleAppTests" */ = {
			isa = XCConfigurationList;
			buildConfigurations = (
				570960881C1B962500D4AFA5 /* Debug */,
				570960891C1B962500D4AFA5 /* Release */,
			);
			defaultConfigurationIsVisible = 0;
			defaultConfigurationName = Release;
		};
		5709608A1C1B962500D4AFA5 /* Build configuration list for PBXNativeTarget "MICSampleAppUITests" */ = {
			isa = XCConfigurationList;
			buildConfigurations = (
				5709608B1C1B962500D4AFA5 /* Debug */,
				5709608C1C1B962500D4AFA5 /* Release */,
			);
			defaultConfigurationIsVisible = 0;
			defaultConfigurationName = Release;
		};
/* End XCConfigurationList section */
	};
	rootObject = 570960541C1B962400D4AFA5 /* Project object */;
}
