// !$*UTF8*$!
{
	archiveVersion = 1;
	classes = {
	};
	objectVersion = 46;
	objects = {

/* Begin PBXBuildFile section */
		272FBE5C15FA8CE700EC7031 /* KinveyRefViewController.m in Sources */ = {isa = PBXBuildFile; fileRef = 272FBE5A15FA8CE700EC7031 /* KinveyRefViewController.m */; };
		272FBE5D15FA8CE700EC7031 /* KinveyRefViewController.xib in Resources */ = {isa = PBXBuildFile; fileRef = 272FBE5B15FA8CE700EC7031 /* KinveyRefViewController.xib */; };
		27347F8315B484E400133F64 /* UserDiscoveryViewController.m in Sources */ = {isa = PBXBuildFile; fileRef = 27347F8115B484E300133F64 /* UserDiscoveryViewController.m */; };
		27347F8415B484E400133F64 /* UserDiscoveryViewController.xib in Resources */ = {isa = PBXBuildFile; fileRef = 27347F8215B484E400133F64 /* UserDiscoveryViewController.xib */; };
		274EBF731594A4BD004A29C7 /* LinkedResourceViewController.m in Sources */ = {isa = PBXBuildFile; fileRef = 274EBF711594A4BD004A29C7 /* LinkedResourceViewController.m */; };
		274EBF741594A4BD004A29C7 /* LinkedResourceViewController.xib in Resources */ = {isa = PBXBuildFile; fileRef = 274EBF721594A4BD004A29C7 /* LinkedResourceViewController.xib */; };
		2770A9F0156451DF00D619B3 /* CachingViewController.m in Sources */ = {isa = PBXBuildFile; fileRef = 2770A9EE156451DE00D619B3 /* CachingViewController.m */; };
		2770A9F1156451DF00D619B3 /* CachingViewController.xib in Resources */ = {isa = PBXBuildFile; fileRef = 2770A9EF156451DE00D619B3 /* CachingViewController.xib */; };
		278BB06117B2B75E0035B3D6 /* Twitter.framework in Frameworks */ = {isa = PBXBuildFile; fileRef = 27C2229D161E32C300D827AE /* Twitter.framework */; };
		278BB06217B2B7620035B3D6 /* libsqlite3.dylib in Frameworks */ = {isa = PBXBuildFile; fileRef = D32A65211471A5E300F77A3F /* libsqlite3.dylib */; };
		278BB06317B2B76B0035B3D6 /* Accounts.framework in Frameworks */ = {isa = PBXBuildFile; fileRef = 27C2229A161E32BE00D827AE /* Accounts.framework */; };
		278BB06417B2B7750035B3D6 /* SystemConfiguration.framework in Frameworks */ = {isa = PBXBuildFile; fileRef = D32A651B1471A57700F77A3F /* SystemConfiguration.framework */; };
		278BB06517B2B77E0035B3D6 /* UIKit.framework in Frameworks */ = {isa = PBXBuildFile; fileRef = D32A64EF14717B4800F77A3F /* UIKit.framework */; };
		278BB06617B2B78C0035B3D6 /* CoreGraphics.framework in Frameworks */ = {isa = PBXBuildFile; fileRef = D32A64F314717B4800F77A3F /* CoreGraphics.framework */; };
		278BB06717B2B7930035B3D6 /* Security.framework in Frameworks */ = {isa = PBXBuildFile; fileRef = D32A651A1471A57700F77A3F /* Security.framework */; };
		278BB06817B2B79D0035B3D6 /* CoreLocation.framework in Frameworks */ = {isa = PBXBuildFile; fileRef = 27347F7E15B4839500133F64 /* CoreLocation.framework */; };
		278BB06917B2B7A20035B3D6 /* Foundation.framework in Frameworks */ = {isa = PBXBuildFile; fileRef = D32A64F114717B4800F77A3F /* Foundation.framework */; };
		278BB06A17B2B7B40035B3D6 /* MobileCoreServices.framework in Frameworks */ = {isa = PBXBuildFile; fileRef = D32A65191471A57700F77A3F /* MobileCoreServices.framework */; };
		C582F2D219532AF200EE7202 /* Social.framework in Frameworks */ = {isa = PBXBuildFile; fileRef = C582F2D119532AF200EE7202 /* Social.framework */; };
		D30F7DDE14743C2F0005D2EC /* metal_kinvey_1280x800.png in Resources */ = {isa = PBXBuildFile; fileRef = D30F7DDD14743C2F0005D2EC /* metal_kinvey_1280x800.png */; };
		D32A64FA14717B4800F77A3F /* InfoPlist.strings in Resources */ = {isa = PBXBuildFile; fileRef = D32A64F814717B4800F77A3F /* InfoPlist.strings */; };
		D32A64FC14717B4800F77A3F /* main.m in Sources */ = {isa = PBXBuildFile; fileRef = D32A64FB14717B4800F77A3F /* main.m */; };
		D32A650014717B4800F77A3F /* KCSAppDelegate.m in Sources */ = {isa = PBXBuildFile; fileRef = D32A64FF14717B4800F77A3F /* KCSAppDelegate.m */; };
		D32A650314717B4800F77A3F /* KCSViewController.m in Sources */ = {isa = PBXBuildFile; fileRef = D32A650214717B4800F77A3F /* KCSViewController.m */; };
		D32A650614717B4800F77A3F /* KCSViewController.xib in Resources */ = {isa = PBXBuildFile; fileRef = D32A650414717B4800F77A3F /* KCSViewController.xib */; };
		D3503D20149B98B200460879 /* KinveyKit.framework in Frameworks */ = {isa = PBXBuildFile; fileRef = D3503D1F149B98B200460879 /* KinveyKit.framework */; };
		D35E07DB1471D5B100DD9E41 /* logo57.png in Resources */ = {isa = PBXBuildFile; fileRef = D35E07DA1471D5B100DD9E41 /* logo57.png */; };
		D35E07DE1471D5B400DD9E41 /* logo114.png in Resources */ = {isa = PBXBuildFile; fileRef = D35E07DD1471D5B400DD9E41 /* logo114.png */; };
		D35E07E01471D63300DD9E41 /* twitter_round_57.png in Resources */ = {isa = PBXBuildFile; fileRef = D35E07DF1471D63300DD9E41 /* twitter_round_57.png */; };
		D35E07E31471D75700DD9E41 /* KitTestObject.m in Sources */ = {isa = PBXBuildFile; fileRef = D35E07E21471D75700DD9E41 /* KitTestObject.m */; };
		D3C5E6A51474B595002D8F2B /* ImageViewController.m in Sources */ = {isa = PBXBuildFile; fileRef = D3C5E6A41474B595002D8F2B /* ImageViewController.m */; };
		D3C5E6A71474B61A002D8F2B /* ImageView.xib in Resources */ = {isa = PBXBuildFile; fileRef = D3C5E6A61474B61A002D8F2B /* ImageView.xib */; };
		D3C5E6AB1474B930002D8F2B /* RootViewController.m in Sources */ = {isa = PBXBuildFile; fileRef = D3C5E6A91474B930002D8F2B /* RootViewController.m */; };
		D3C5E6AC1474B930002D8F2B /* RootViewController.xib in Resources */ = {isa = PBXBuildFile; fileRef = D3C5E6AA1474B930002D8F2B /* RootViewController.xib */; };
/* End PBXBuildFile section */

/* Begin PBXFileReference section */
		27272D4115A364640009037B /* KitTest.entitlements */ = {isa = PBXFileReference; lastKnownFileType = text.xml; path = KitTest.entitlements; sourceTree = "<group>"; };
		272FBE5915FA8CE700EC7031 /* KinveyRefViewController.h */ = {isa = PBXFileReference; fileEncoding = 4; lastKnownFileType = sourcecode.c.h; path = KinveyRefViewController.h; sourceTree = "<group>"; };
		272FBE5A15FA8CE700EC7031 /* KinveyRefViewController.m */ = {isa = PBXFileReference; fileEncoding = 4; lastKnownFileType = sourcecode.c.objc; path = KinveyRefViewController.m; sourceTree = "<group>"; };
		272FBE5B15FA8CE700EC7031 /* KinveyRefViewController.xib */ = {isa = PBXFileReference; fileEncoding = 4; lastKnownFileType = file.xib; path = KinveyRefViewController.xib; sourceTree = "<group>"; };
		27347F7E15B4839500133F64 /* CoreLocation.framework */ = {isa = PBXFileReference; lastKnownFileType = wrapper.framework; name = CoreLocation.framework; path = System/Library/Frameworks/CoreLocation.framework; sourceTree = SDKROOT; };
		27347F8015B484E300133F64 /* UserDiscoveryViewController.h */ = {isa = PBXFileReference; fileEncoding = 4; lastKnownFileType = sourcecode.c.h; path = UserDiscoveryViewController.h; sourceTree = "<group>"; };
		27347F8115B484E300133F64 /* UserDiscoveryViewController.m */ = {isa = PBXFileReference; fileEncoding = 4; lastKnownFileType = sourcecode.c.objc; path = UserDiscoveryViewController.m; sourceTree = "<group>"; };
		27347F8215B484E400133F64 /* UserDiscoveryViewController.xib */ = {isa = PBXFileReference; fileEncoding = 4; lastKnownFileType = file.xib; path = UserDiscoveryViewController.xib; sourceTree = "<group>"; };
		274EBF701594A4BD004A29C7 /* LinkedResourceViewController.h */ = {isa = PBXFileReference; fileEncoding = 4; lastKnownFileType = sourcecode.c.h; path = LinkedResourceViewController.h; sourceTree = "<group>"; };
		274EBF711594A4BD004A29C7 /* LinkedResourceViewController.m */ = {isa = PBXFileReference; fileEncoding = 4; lastKnownFileType = sourcecode.c.objc; path = LinkedResourceViewController.m; sourceTree = "<group>"; };
		274EBF721594A4BD004A29C7 /* LinkedResourceViewController.xib */ = {isa = PBXFileReference; fileEncoding = 4; lastKnownFileType = file.xib; path = LinkedResourceViewController.xib; sourceTree = "<group>"; };
		2770A9ED156451DE00D619B3 /* CachingViewController.h */ = {isa = PBXFileReference; fileEncoding = 4; lastKnownFileType = sourcecode.c.h; path = CachingViewController.h; sourceTree = "<group>"; };
		2770A9EE156451DE00D619B3 /* CachingViewController.m */ = {isa = PBXFileReference; fileEncoding = 4; lastKnownFileType = sourcecode.c.objc; path = CachingViewController.m; sourceTree = "<group>"; };
		2770A9EF156451DE00D619B3 /* CachingViewController.xib */ = {isa = PBXFileReference; fileEncoding = 4; lastKnownFileType = file.xib; path = CachingViewController.xib; sourceTree = "<group>"; };
		27C2229A161E32BE00D827AE /* Accounts.framework */ = {isa = PBXFileReference; lastKnownFileType = wrapper.framework; name = Accounts.framework; path = System/Library/Frameworks/Accounts.framework; sourceTree = SDKROOT; };
		27C2229D161E32C300D827AE /* Twitter.framework */ = {isa = PBXFileReference; lastKnownFileType = wrapper.framework; name = Twitter.framework; path = System/Library/Frameworks/Twitter.framework; sourceTree = SDKROOT; };
		C582F2D119532AF200EE7202 /* Social.framework */ = {isa = PBXFileReference; lastKnownFileType = wrapper.framework; name = Social.framework; path = System/Library/Frameworks/Social.framework; sourceTree = SDKROOT; };
		D30F7DDD14743C2F0005D2EC /* metal_kinvey_1280x800.png */ = {isa = PBXFileReference; lastKnownFileType = image.png; name = metal_kinvey_1280x800.png; path = KitTest/metal_kinvey_1280x800.png; sourceTree = SOURCE_ROOT; };
		D32A64EB14717B4800F77A3F /* KitTest.app */ = {isa = PBXFileReference; explicitFileType = wrapper.application; includeInIndex = 0; path = KitTest.app; sourceTree = BUILT_PRODUCTS_DIR; };
		D32A64EF14717B4800F77A3F /* UIKit.framework */ = {isa = PBXFileReference; lastKnownFileType = wrapper.framework; name = UIKit.framework; path = System/Library/Frameworks/UIKit.framework; sourceTree = SDKROOT; };
		D32A64F114717B4800F77A3F /* Foundation.framework */ = {isa = PBXFileReference; lastKnownFileType = wrapper.framework; name = Foundation.framework; path = System/Library/Frameworks/Foundation.framework; sourceTree = SDKROOT; };
		D32A64F314717B4800F77A3F /* CoreGraphics.framework */ = {isa = PBXFileReference; lastKnownFileType = wrapper.framework; name = CoreGraphics.framework; path = System/Library/Frameworks/CoreGraphics.framework; sourceTree = SDKROOT; };
		D32A64F714717B4800F77A3F /* KitTest-Info.plist */ = {isa = PBXFileReference; lastKnownFileType = text.plist.xml; path = "KitTest-Info.plist"; sourceTree = "<group>"; };
		D32A64F914717B4800F77A3F /* en */ = {isa = PBXFileReference; lastKnownFileType = text.plist.strings; name = en; path = en.lproj/InfoPlist.strings; sourceTree = "<group>"; };
		D32A64FB14717B4800F77A3F /* main.m */ = {isa = PBXFileReference; lastKnownFileType = sourcecode.c.objc; path = main.m; sourceTree = "<group>"; };
		D32A64FD14717B4800F77A3F /* KitTest-Prefix.pch */ = {isa = PBXFileReference; lastKnownFileType = sourcecode.c.h; path = "KitTest-Prefix.pch"; sourceTree = "<group>"; };
		D32A64FE14717B4800F77A3F /* KCSAppDelegate.h */ = {isa = PBXFileReference; lastKnownFileType = sourcecode.c.h; path = KCSAppDelegate.h; sourceTree = "<group>"; };
		D32A64FF14717B4800F77A3F /* KCSAppDelegate.m */ = {isa = PBXFileReference; lastKnownFileType = sourcecode.c.objc; path = KCSAppDelegate.m; sourceTree = "<group>"; };
		D32A650114717B4800F77A3F /* KCSViewController.h */ = {isa = PBXFileReference; lastKnownFileType = sourcecode.c.h; path = KCSViewController.h; sourceTree = "<group>"; };
		D32A650214717B4800F77A3F /* KCSViewController.m */ = {isa = PBXFileReference; lastKnownFileType = sourcecode.c.objc; path = KCSViewController.m; sourceTree = "<group>"; };
		D32A650514717B4800F77A3F /* en */ = {isa = PBXFileReference; lastKnownFileType = file.xib; name = en; path = en.lproj/KCSViewController.xib; sourceTree = "<group>"; };
		D32A65171471A55600F77A3F /* CFNetwork.framework */ = {isa = PBXFileReference; lastKnownFileType = wrapper.framework; name = CFNetwork.framework; path = System/Library/Frameworks/CFNetwork.framework; sourceTree = SDKROOT; };
		D32A65191471A57700F77A3F /* MobileCoreServices.framework */ = {isa = PBXFileReference; lastKnownFileType = wrapper.framework; name = MobileCoreServices.framework; path = System/Library/Frameworks/MobileCoreServices.framework; sourceTree = SDKROOT; };
		D32A651A1471A57700F77A3F /* Security.framework */ = {isa = PBXFileReference; lastKnownFileType = wrapper.framework; name = Security.framework; path = System/Library/Frameworks/Security.framework; sourceTree = SDKROOT; };
		D32A651B1471A57700F77A3F /* SystemConfiguration.framework */ = {isa = PBXFileReference; lastKnownFileType = wrapper.framework; name = SystemConfiguration.framework; path = System/Library/Frameworks/SystemConfiguration.framework; sourceTree = SDKROOT; };
		D32A651F1471A5BA00F77A3F /* StoreKit.framework */ = {isa = PBXFileReference; lastKnownFileType = wrapper.framework; name = StoreKit.framework; path = System/Library/Frameworks/StoreKit.framework; sourceTree = SDKROOT; };
		D32A65211471A5E300F77A3F /* libsqlite3.dylib */ = {isa = PBXFileReference; lastKnownFileType = "compiled.mach-o.dylib"; name = libsqlite3.dylib; path = usr/lib/libsqlite3.dylib; sourceTree = SDKROOT; };
		D32A65221471A5E300F77A3F /* libz.dylib */ = {isa = PBXFileReference; lastKnownFileType = "compiled.mach-o.dylib"; name = libz.dylib; path = usr/lib/libz.dylib; sourceTree = SDKROOT; };
		D32A65251471A5FC00F77A3F /* CoreTelephony.framework */ = {isa = PBXFileReference; lastKnownFileType = wrapper.framework; name = CoreTelephony.framework; path = System/Library/Frameworks/CoreTelephony.framework; sourceTree = SDKROOT; };
		D3503D1F149B98B200460879 /* KinveyKit.framework */ = {isa = PBXFileReference; lastKnownFileType = wrapper.framework; name = KinveyKit.framework; path = "../../KinveyKit/build/Debug-iphoneos/KinveyKit.framework"; sourceTree = "<group>"; };
		D35E07DA1471D5B100DD9E41 /* logo57.png */ = {isa = PBXFileReference; lastKnownFileType = image.png; path = logo57.png; sourceTree = "<group>"; };
		D35E07DD1471D5B400DD9E41 /* logo114.png */ = {isa = PBXFileReference; lastKnownFileType = image.png; path = logo114.png; sourceTree = "<group>"; };
		D35E07DF1471D63300DD9E41 /* twitter_round_57.png */ = {isa = PBXFileReference; lastKnownFileType = image.png; path = twitter_round_57.png; sourceTree = "<group>"; };
		D35E07E11471D75700DD9E41 /* KitTestObject.h */ = {isa = PBXFileReference; fileEncoding = 4; lastKnownFileType = sourcecode.c.h; path = KitTestObject.h; sourceTree = "<group>"; };
		D35E07E21471D75700DD9E41 /* KitTestObject.m */ = {isa = PBXFileReference; fileEncoding = 4; lastKnownFileType = sourcecode.c.objc; path = KitTestObject.m; sourceTree = "<group>"; };
		D3C5E6A31474B595002D8F2B /* ImageViewController.h */ = {isa = PBXFileReference; fileEncoding = 4; lastKnownFileType = sourcecode.c.h; path = ImageViewController.h; sourceTree = "<group>"; };
		D3C5E6A41474B595002D8F2B /* ImageViewController.m */ = {isa = PBXFileReference; fileEncoding = 4; lastKnownFileType = sourcecode.c.objc; path = ImageViewController.m; sourceTree = "<group>"; };
		D3C5E6A61474B61A002D8F2B /* ImageView.xib */ = {isa = PBXFileReference; fileEncoding = 4; lastKnownFileType = file.xib; path = ImageView.xib; sourceTree = "<group>"; };
		D3C5E6A81474B930002D8F2B /* RootViewController.h */ = {isa = PBXFileReference; fileEncoding = 4; lastKnownFileType = sourcecode.c.h; path = RootViewController.h; sourceTree = "<group>"; };
		D3C5E6A91474B930002D8F2B /* RootViewController.m */ = {isa = PBXFileReference; fileEncoding = 4; lastKnownFileType = sourcecode.c.objc; path = RootViewController.m; sourceTree = "<group>"; };
		D3C5E6AA1474B930002D8F2B /* RootViewController.xib */ = {isa = PBXFileReference; fileEncoding = 4; lastKnownFileType = file.xib; path = RootViewController.xib; sourceTree = "<group>"; };
/* End PBXFileReference section */

/* Begin PBXFrameworksBuildPhase section */
		D32A64E814717B4800F77A3F /* Frameworks */ = {
			isa = PBXFrameworksBuildPhase;
			buildActionMask = 2147483647;
			files = (
				C582F2D219532AF200EE7202 /* Social.framework in Frameworks */,
				278BB06A17B2B7B40035B3D6 /* MobileCoreServices.framework in Frameworks */,
				278BB06917B2B7A20035B3D6 /* Foundation.framework in Frameworks */,
				278BB06817B2B79D0035B3D6 /* CoreLocation.framework in Frameworks */,
				278BB06717B2B7930035B3D6 /* Security.framework in Frameworks */,
				278BB06617B2B78C0035B3D6 /* CoreGraphics.framework in Frameworks */,
				278BB06517B2B77E0035B3D6 /* UIKit.framework in Frameworks */,
				278BB06417B2B7750035B3D6 /* SystemConfiguration.framework in Frameworks */,
				278BB06317B2B76B0035B3D6 /* Accounts.framework in Frameworks */,
				278BB06217B2B7620035B3D6 /* libsqlite3.dylib in Frameworks */,
				278BB06117B2B75E0035B3D6 /* Twitter.framework in Frameworks */,
				D3503D20149B98B200460879 /* KinveyKit.framework in Frameworks */,
			);
			runOnlyForDeploymentPostprocessing = 0;
		};
/* End PBXFrameworksBuildPhase section */

/* Begin PBXGroup section */
		D32A64E014717B4800F77A3F = {
			isa = PBXGroup;
			children = (
				D35E07DF1471D63300DD9E41 /* twitter_round_57.png */,
				D35E07DD1471D5B400DD9E41 /* logo114.png */,
				D35E07DA1471D5B100DD9E41 /* logo57.png */,
				D32A64F514717B4800F77A3F /* KitTest */,
				D32A64EE14717B4800F77A3F /* Frameworks */,
				D32A64EC14717B4800F77A3F /* Products */,
			);
			sourceTree = "<group>";
		};
		D32A64EC14717B4800F77A3F /* Products */ = {
			isa = PBXGroup;
			children = (
				D32A64EB14717B4800F77A3F /* KitTest.app */,
			);
			name = Products;
			sourceTree = "<group>";
		};
		D32A64EE14717B4800F77A3F /* Frameworks */ = {
			isa = PBXGroup;
			children = (
				C582F2D119532AF200EE7202 /* Social.framework */,
				27C2229D161E32C300D827AE /* Twitter.framework */,
				27C2229A161E32BE00D827AE /* Accounts.framework */,
				27347F7E15B4839500133F64 /* CoreLocation.framework */,
				D3503D1F149B98B200460879 /* KinveyKit.framework */,
				D32A65251471A5FC00F77A3F /* CoreTelephony.framework */,
				D32A65211471A5E300F77A3F /* libsqlite3.dylib */,
				D32A65221471A5E300F77A3F /* libz.dylib */,
				D32A651F1471A5BA00F77A3F /* StoreKit.framework */,
				D32A65191471A57700F77A3F /* MobileCoreServices.framework */,
				D32A651A1471A57700F77A3F /* Security.framework */,
				D32A651B1471A57700F77A3F /* SystemConfiguration.framework */,
				D32A65171471A55600F77A3F /* CFNetwork.framework */,
				D32A64EF14717B4800F77A3F /* UIKit.framework */,
				D32A64F114717B4800F77A3F /* Foundation.framework */,
				D32A64F314717B4800F77A3F /* CoreGraphics.framework */,
			);
			name = Frameworks;
			sourceTree = "<group>";
		};
		D32A64F514717B4800F77A3F /* KitTest */ = {
			isa = PBXGroup;
			children = (
				27272D4115A364640009037B /* KitTest.entitlements */,
				D32A64FE14717B4800F77A3F /* KCSAppDelegate.h */,
				D32A64FF14717B4800F77A3F /* KCSAppDelegate.m */,
				D3C5E6A31474B595002D8F2B /* ImageViewController.h */,
				D3C5E6A41474B595002D8F2B /* ImageViewController.m */,
				D32A650114717B4800F77A3F /* KCSViewController.h */,
				D32A650214717B4800F77A3F /* KCSViewController.m */,
				D3C5E6A81474B930002D8F2B /* RootViewController.h */,
				D3C5E6A91474B930002D8F2B /* RootViewController.m */,
				D3C5E6AA1474B930002D8F2B /* RootViewController.xib */,
				D32A650414717B4800F77A3F /* KCSViewController.xib */,
				D3C5E6A61474B61A002D8F2B /* ImageView.xib */,
				2770A9ED156451DE00D619B3 /* CachingViewController.h */,
				2770A9EE156451DE00D619B3 /* CachingViewController.m */,
				2770A9EF156451DE00D619B3 /* CachingViewController.xib */,
				274EBF701594A4BD004A29C7 /* LinkedResourceViewController.h */,
				274EBF711594A4BD004A29C7 /* LinkedResourceViewController.m */,
				274EBF721594A4BD004A29C7 /* LinkedResourceViewController.xib */,
				27347F8015B484E300133F64 /* UserDiscoveryViewController.h */,
				27347F8115B484E300133F64 /* UserDiscoveryViewController.m */,
				27347F8215B484E400133F64 /* UserDiscoveryViewController.xib */,
				272FBE5915FA8CE700EC7031 /* KinveyRefViewController.h */,
				272FBE5A15FA8CE700EC7031 /* KinveyRefViewController.m */,
				272FBE5B15FA8CE700EC7031 /* KinveyRefViewController.xib */,
				D32A64F614717B4800F77A3F /* Supporting Files */,
				D35E07E11471D75700DD9E41 /* KitTestObject.h */,
				D35E07E21471D75700DD9E41 /* KitTestObject.m */,
			);
			path = KitTest;
			sourceTree = "<group>";
		};
		D32A64F614717B4800F77A3F /* Supporting Files */ = {
			isa = PBXGroup;
			children = (
				D30F7DDD14743C2F0005D2EC /* metal_kinvey_1280x800.png */,
				D32A64F714717B4800F77A3F /* KitTest-Info.plist */,
				D32A64F814717B4800F77A3F /* InfoPlist.strings */,
				D32A64FB14717B4800F77A3F /* main.m */,
				D32A64FD14717B4800F77A3F /* KitTest-Prefix.pch */,
			);
			name = "Supporting Files";
			sourceTree = "<group>";
		};
/* End PBXGroup section */

/* Begin PBXNativeTarget section */
		D32A64EA14717B4800F77A3F /* KitTest */ = {
			isa = PBXNativeTarget;
			buildConfigurationList = D32A650914717B4800F77A3F /* Build configuration list for PBXNativeTarget "KitTest" */;
			buildPhases = (
				D32A64E714717B4800F77A3F /* Sources */,
				D32A64E814717B4800F77A3F /* Frameworks */,
				D32A64E914717B4800F77A3F /* Resources */,
			);
			buildRules = (
			);
			dependencies = (
			);
			name = KitTest;
			productName = KitTest;
			productReference = D32A64EB14717B4800F77A3F /* KitTest.app */;
			productType = "com.apple.product-type.application";
		};
/* End PBXNativeTarget section */

/* Begin PBXProject section */
		D32A64E214717B4800F77A3F /* Project object */ = {
			isa = PBXProject;
			attributes = {
				LastUpgradeCheck = 0500;
				ORGANIZATIONNAME = Kinvey;
			};
			buildConfigurationList = D32A64E514717B4800F77A3F /* Build configuration list for PBXProject "KitTest" */;
			compatibilityVersion = "Xcode 3.2";
			developmentRegion = English;
			hasScannedForEncodings = 0;
			knownRegions = (
				en,
			);
			mainGroup = D32A64E014717B4800F77A3F;
			productRefGroup = D32A64EC14717B4800F77A3F /* Products */;
			projectDirPath = "";
			projectRoot = "";
			targets = (
				D32A64EA14717B4800F77A3F /* KitTest */,
			);
		};
/* End PBXProject section */

/* Begin PBXResourcesBuildPhase section */
		D32A64E914717B4800F77A3F /* Resources */ = {
			isa = PBXResourcesBuildPhase;
			buildActionMask = 2147483647;
			files = (
				D32A64FA14717B4800F77A3F /* InfoPlist.strings in Resources */,
				D32A650614717B4800F77A3F /* KCSViewController.xib in Resources */,
				D35E07DB1471D5B100DD9E41 /* logo57.png in Resources */,
				D35E07DE1471D5B400DD9E41 /* logo114.png in Resources */,
				D35E07E01471D63300DD9E41 /* twitter_round_57.png in Resources */,
				D30F7DDE14743C2F0005D2EC /* metal_kinvey_1280x800.png in Resources */,
				D3C5E6A71474B61A002D8F2B /* ImageView.xib in Resources */,
				D3C5E6AC1474B930002D8F2B /* RootViewController.xib in Resources */,
				2770A9F1156451DF00D619B3 /* CachingViewController.xib in Resources */,
				274EBF741594A4BD004A29C7 /* LinkedResourceViewController.xib in Resources */,
				27347F8415B484E400133F64 /* UserDiscoveryViewController.xib in Resources */,
				272FBE5D15FA8CE700EC7031 /* KinveyRefViewController.xib in Resources */,
			);
			runOnlyForDeploymentPostprocessing = 0;
		};
/* End PBXResourcesBuildPhase section */

/* Begin PBXSourcesBuildPhase section */
		D32A64E714717B4800F77A3F /* Sources */ = {
			isa = PBXSourcesBuildPhase;
			buildActionMask = 2147483647;
			files = (
				D32A64FC14717B4800F77A3F /* main.m in Sources */,
				D32A650014717B4800F77A3F /* KCSAppDelegate.m in Sources */,
				D32A650314717B4800F77A3F /* KCSViewController.m in Sources */,
				D35E07E31471D75700DD9E41 /* KitTestObject.m in Sources */,
				D3C5E6A51474B595002D8F2B /* ImageViewController.m in Sources */,
				D3C5E6AB1474B930002D8F2B /* RootViewController.m in Sources */,
				2770A9F0156451DF00D619B3 /* CachingViewController.m in Sources */,
				274EBF731594A4BD004A29C7 /* LinkedResourceViewController.m in Sources */,
				27347F8315B484E400133F64 /* UserDiscoveryViewController.m in Sources */,
				272FBE5C15FA8CE700EC7031 /* KinveyRefViewController.m in Sources */,
			);
			runOnlyForDeploymentPostprocessing = 0;
		};
/* End PBXSourcesBuildPhase section */

/* Begin PBXVariantGroup section */
		D32A64F814717B4800F77A3F /* InfoPlist.strings */ = {
			isa = PBXVariantGroup;
			children = (
				D32A64F914717B4800F77A3F /* en */,
			);
			name = InfoPlist.strings;
			sourceTree = "<group>";
		};
		D32A650414717B4800F77A3F /* KCSViewController.xib */ = {
			isa = PBXVariantGroup;
			children = (
				D32A650514717B4800F77A3F /* en */,
			);
			name = KCSViewController.xib;
			sourceTree = "<group>";
		};
/* End PBXVariantGroup section */

/* Begin XCBuildConfiguration section */
		D32A650714717B4800F77A3F /* Debug */ = {
			isa = XCBuildConfiguration;
			buildSettings = {
				ALWAYS_SEARCH_USER_PATHS = NO;
				CLANG_WARN_BOOL_CONVERSION = YES;
				CLANG_WARN_CONSTANT_CONVERSION = YES;
				CLANG_WARN_EMPTY_BODY = YES;
				CLANG_WARN_ENUM_CONVERSION = YES;
				CLANG_WARN_INT_CONVERSION = YES;
				CLANG_WARN__DUPLICATE_METHOD_MATCH = YES;
				"CODE_SIGN_IDENTITY[sdk=iphoneos*]" = "iPhone Developer: Michael Katz (5WT935WCFL)";
				COPY_PHASE_STRIP = NO;
				GCC_C_LANGUAGE_STANDARD = gnu99;
				GCC_DYNAMIC_NO_PIC = NO;
				GCC_OPTIMIZATION_LEVEL = 0;
				GCC_PREPROCESSOR_DEFINITIONS = (
					"DEBUG=1",
					"$(inherited)",
				);
				GCC_SYMBOLS_PRIVATE_EXTERN = NO;
				GCC_VERSION = com.apple.compilers.llvm.clang.1_0;
				GCC_WARN_ABOUT_MISSING_PROTOTYPES = YES;
				GCC_WARN_ABOUT_RETURN_TYPE = YES;
				GCC_WARN_UNDECLARED_SELECTOR = YES;
				GCC_WARN_UNINITIALIZED_AUTOS = YES;
				GCC_WARN_UNUSED_FUNCTION = YES;
				GCC_WARN_UNUSED_VARIABLE = YES;
				IPHONEOS_DEPLOYMENT_TARGET = 4.3;
				ONLY_ACTIVE_ARCH = YES;
				"PROVISIONING_PROFILE[sdk=iphoneos*]" = "95FBF950-CF3D-4A59-863C-346E356F2B42";
				SDKROOT = iphoneos;
			};
			name = Debug;
		};
		D32A650814717B4800F77A3F /* Release */ = {
			isa = XCBuildConfiguration;
			buildSettings = {
				ALWAYS_SEARCH_USER_PATHS = NO;
				CLANG_WARN_BOOL_CONVERSION = YES;
				CLANG_WARN_CONSTANT_CONVERSION = YES;
				CLANG_WARN_EMPTY_BODY = YES;
				CLANG_WARN_ENUM_CONVERSION = YES;
				CLANG_WARN_INT_CONVERSION = YES;
				CLANG_WARN__DUPLICATE_METHOD_MATCH = YES;
				"CODE_SIGN_IDENTITY[sdk=iphoneos*]" = "iPhone Developer";
				COPY_PHASE_STRIP = YES;
				GCC_C_LANGUAGE_STANDARD = gnu99;
				GCC_VERSION = com.apple.compilers.llvm.clang.1_0;
				GCC_WARN_ABOUT_MISSING_PROTOTYPES = YES;
				GCC_WARN_ABOUT_RETURN_TYPE = YES;
				GCC_WARN_UNDECLARED_SELECTOR = YES;
				GCC_WARN_UNINITIALIZED_AUTOS = YES;
				GCC_WARN_UNUSED_FUNCTION = YES;
				GCC_WARN_UNUSED_VARIABLE = YES;
				IPHONEOS_DEPLOYMENT_TARGET = 4.3;
				OTHER_CFLAGS = "-DNS_BLOCK_ASSERTIONS=1";
				SDKROOT = iphoneos;
				VALIDATE_PRODUCT = YES;
			};
			name = Release;
		};
		D32A650A14717B4800F77A3F /* Debug */ = {
			isa = XCBuildConfiguration;
			buildSettings = {
				CODE_SIGN_IDENTITY = "iPhone Developer";
				FRAMEWORK_SEARCH_PATHS = (
					"$(inherited)",
					"\"$(SRCROOT)\"",
					"\"$(SRCROOT)/../../KinveyKit/build/Debug-iphoneos\"",
				);
				GCC_PRECOMPILE_PREFIX_HEADER = YES;
				GCC_PREFIX_HEADER = "KitTest/KitTest-Prefix.pch";
				INFOPLIST_FILE = "KitTest/KitTest-Info.plist";
				LIBRARY_SEARCH_PATHS = "$(inherited)";
				OTHER_LDFLAGS = "-ObjC";
				PRODUCT_NAME = "$(TARGET_NAME)";
				PROVISIONING_PROFILE = "";
				WRAPPER_EXTENSION = app;
			};
			name = Debug;
		};
		D32A650B14717B4800F77A3F /* Release */ = {
			isa = XCBuildConfiguration;
			buildSettings = {
				CODE_SIGN_IDENTITY = "iPhone Developer";
				FRAMEWORK_SEARCH_PATHS = (
					"$(inherited)",
					"\"$(SRCROOT)\"",
					"\"$(SRCROOT)/../../KinveyKit/build/Debug-iphoneos\"",
				);
				GCC_PRECOMPILE_PREFIX_HEADER = YES;
				GCC_PREFIX_HEADER = "KitTest/KitTest-Prefix.pch";
				INFOPLIST_FILE = "KitTest/KitTest-Info.plist";
				LIBRARY_SEARCH_PATHS = "$(inherited)";
				OTHER_LDFLAGS = "-ObjC";
				PRODUCT_NAME = "$(TARGET_NAME)";
				PROVISIONING_PROFILE = "";
				WRAPPER_EXTENSION = app;
			};
			name = Release;
		};
/* End XCBuildConfiguration section */

/* Begin XCConfigurationList section */
		D32A64E514717B4800F77A3F /* Build configuration list for PBXProject "KitTest" */ = {
			isa = XCConfigurationList;
			buildConfigurations = (
				D32A650714717B4800F77A3F /* Debug */,
				D32A650814717B4800F77A3F /* Release */,
			);
			defaultConfigurationIsVisible = 0;
			defaultConfigurationName = Release;
		};
		D32A650914717B4800F77A3F /* Build configuration list for PBXNativeTarget "KitTest" */ = {
			isa = XCConfigurationList;
			buildConfigurations = (
				D32A650A14717B4800F77A3F /* Debug */,
				D32A650B14717B4800F77A3F /* Release */,
			);
			defaultConfigurationIsVisible = 0;
			defaultConfigurationName = Release;
		};
/* End XCConfigurationList section */
	};
	rootObject = D32A64E214717B4800F77A3F /* Project object */;
}
